Microsoft Visual Studio Solution File, Format Version 11.00
# Visual Studio 2008

Project("{D1F47E0B-0089-1038-1248-1452ACB680F5}") = "maze", "Assembly-CSharp-vs.csproj", "{198AF6B6-ACD0-1022-2095-3837BF2CDCFC}"
EndProject
Project("{D1F47E0B-0089-1038-1248-1452ACB680F5}") = "maze", "Assembly-CSharp-Editor-vs.csproj", "{448CDE55-5DE5-A3FB-BC8D-6165D4F16280}"
EndProject
Global
	GlobalSection(SolutionConfigurationPlatforms) = preSolution
		Debug|Any CPU = Debug|Any CPU
		Release|Any CPU = Release|Any CPU
	EndGlobalSection
	GlobalSection(ProjectConfigurationPlatforms) = postSolution
		{198AF6B6-ACD0-1022-2095-3837BF2CDCFC}.Debug|Any CPU.ActiveCfg = Debug|Any CPU
		{198AF6B6-ACD0-1022-2095-3837BF2CDCFC}.Debug|Any CPU.Build.0 = Debug|Any CPU
		{198AF6B6-ACD0-1022-2095-3837BF2CDCFC}.Release|Any CPU.ActiveCfg = Release|Any CPU
		{198AF6B6-ACD0-1022-2095-3837BF2CDCFC}.Release|Any CPU.Build.0 = Release|Any CPU
		{448CDE55-5DE5-A3FB-BC8D-6165D4F16280}.Debug|Any CPU.ActiveCfg = Debug|Any CPU
		{448CDE55-5DE5-A3FB-BC8D-6165D4F16280}.Debug|Any CPU.Build.0 = Debug|Any CPU
		{448CDE55-5DE5-A3FB-BC8D-6165D4F16280}.Release|Any CPU.ActiveCfg = Release|Any CPU
		{448CDE55-5DE5-A3FB-BC8D-6165D4F16280}.Release|Any CPU.Build.0 = Release|Any CPU
	EndGlobalSection
	GlobalSection(SolutionProperties) = preSolution
		HideSolutionNode = FALSE
	EndGlobalSection
																																	GlobalSection(MonoDevelopProperties) = preSolution
		StartupItem = Assembly-CSharp.csproj
		Policies = $0
		$0.TextStylePolicy = $1
		$1.inheritsSet = null
		$1.scope = text/x-csharp
		$0.CSharpFormattingPolicy = $2
		$2.inheritsSet = Mono
		$2.inheritsScope = text/x-csharp
		$2.scope = text/x-csharp
		$0.TextStylePolicy = $3
		$3.FileWidth = 120
		$3.TabWidth = 4
		$3.IndentWidth = 4
		$3.EolMarker = Unix
		$3.inheritsSet = Mono
		$3.inheritsScope = text/plain
		$3.scope = text/plain
	EndGlobalSection

EndGlobal
